// !$*UTF8*$!
{
	archiveVersion = 1;
	classes = {
	};
	objectVersion = 56;
	objects = {

/* Begin PBXBuildFile section */
		BB4EA78E2C0149EB00A3E203 /* ToNonRetardStaticLibrary.swift in Sources */ = {isa = PBXBuildFile; fileRef = BB4EA78D2C0149EB00A3E203 /* ToNonRetardStaticLibrary.swift */; };
		BB4EA79B2C014D1700A3E203 /* ToNotRetardStaticLibraryTests.swift in Sources */ = {isa = PBXBuildFile; fileRef = BB4EA79A2C014D1700A3E203 /* ToNotRetardStaticLibraryTests.swift */; };
		BB4EA79C2C014D1700A3E203 /* libToNonRetardStaticLibrary.a in Frameworks */ = {isa = PBXBuildFile; fileRef = BB4EA78A2C0149EB00A3E203 /* libToNonRetardStaticLibrary.a */; };
		BB4EA7A32C01546A00A3E203 /* Length.swift in Sources */ = {isa = PBXBuildFile; fileRef = BB4EA7A22C01546A00A3E203 /* Length.swift */; };
		BB4EA7A52C0154AE00A3E203 /* LengthTests.swift in Sources */ = {isa = PBXBuildFile; fileRef = BB4EA7A42C0154AE00A3E203 /* LengthTests.swift */; };
		BB4EA7A72C015C2700A3E203 /* MassTests.swift in Sources */ = {isa = PBXBuildFile; fileRef = BB4EA7A62C015C2700A3E203 /* MassTests.swift */; };
		BB4EA7A92C01609B00A3E203 /* Mass.swift in Sources */ = {isa = PBXBuildFile; fileRef = BB4EA7A82C01609B00A3E203 /* Mass.swift */; };
/* End PBXBuildFile section */

/* Begin PBXContainerItemProxy section */
		BB4EA79D2C014D1700A3E203 /* PBXContainerItemProxy */ = {
			isa = PBXContainerItemProxy;
			containerPortal = BB4EA7822C0149EB00A3E203 /* Project object */;
			proxyType = 1;
			remoteGlobalIDString = BB4EA7892C0149EB00A3E203;
			remoteInfo = ToNotRetardStaticLibrary;
		};
/* End PBXContainerItemProxy section */

/* Begin PBXCopyFilesBuildPhase section */
		BB4EA7882C0149EB00A3E203 /* CopyFiles */ = {
			isa = PBXCopyFilesBuildPhase;
			buildActionMask = 2147483647;
			dstPath = "include/$(PRODUCT_NAME)";
			dstSubfolderSpec = 16;
			files = (
			);
			runOnlyForDeploymentPostprocessing = 0;
		};
/* End PBXCopyFilesBuildPhase section */

/* Begin PBXFileReference section */
		BB4EA78A2C0149EB00A3E203 /* libToNonRetardStaticLibrary.a */ = {isa = PBXFileReference; explicitFileType = archive.ar; includeInIndex = 0; path = libToNonRetardStaticLibrary.a; sourceTree = BUILT_PRODUCTS_DIR; };
		BB4EA78D2C0149EB00A3E203 /* ToNonRetardStaticLibrary.swift */ = {isa = PBXFileReference; lastKnownFileType = sourcecode.swift; path = ToNonRetardStaticLibrary.swift; sourceTree = "<group>"; };
		BB4EA7982C014D1700A3E203 /* ToNonRetardStaticLibraryTests.xctest */ = {isa = PBXFileReference; explicitFileType = wrapper.cfbundle; includeInIndex = 0; path = ToNonRetardStaticLibraryTests.xctest; sourceTree = BUILT_PRODUCTS_DIR; };
		BB4EA79A2C014D1700A3E203 /* ToNotRetardStaticLibraryTests.swift */ = {isa = PBXFileReference; lastKnownFileType = sourcecode.swift; path = ToNotRetardStaticLibraryTests.swift; sourceTree = "<group>"; };
		BB4EA7A22C01546A00A3E203 /* Length.swift */ = {isa = PBXFileReference; lastKnownFileType = sourcecode.swift; path = Length.swift; sourceTree = "<group>"; };
		BB4EA7A42C0154AE00A3E203 /* LengthTests.swift */ = {isa = PBXFileReference; lastKnownFileType = sourcecode.swift; path = LengthTests.swift; sourceTree = "<group>"; };
		BB4EA7A62C015C2700A3E203 /* MassTests.swift */ = {isa = PBXFileReference; lastKnownFileType = sourcecode.swift; path = MassTests.swift; sourceTree = "<group>"; };
		BB4EA7A82C01609B00A3E203 /* Mass.swift */ = {isa = PBXFileReference; lastKnownFileType = sourcecode.swift; path = Mass.swift; sourceTree = "<group>"; };
/* End PBXFileReference section */

/* Begin PBXFrameworksBuildPhase section */
		BB4EA7872C0149EB00A3E203 /* Frameworks */ = {
			isa = PBXFrameworksBuildPhase;
			buildActionMask = 2147483647;
			files = (
			);
			runOnlyForDeploymentPostprocessing = 0;
		};
		BB4EA7952C014D1700A3E203 /* Frameworks */ = {
			isa = PBXFrameworksBuildPhase;
			buildActionMask = 2147483647;
			files = (
				BB4EA79C2C014D1700A3E203 /* libToNonRetardStaticLibrary.a in Frameworks */,
			);
			runOnlyForDeploymentPostprocessing = 0;
		};
/* End PBXFrameworksBuildPhase section */

/* Begin PBXGroup section */
		BB4EA7812C0149EB00A3E203 = {
			isa = PBXGroup;
			children = (
				BB4EA78C2C0149EB00A3E203 /* ToNonRetardStaticLibrary */,
				BB4EA7992C014D1700A3E203 /* ToNonRetardStaticLibraryTests */,
				BB4EA78B2C0149EB00A3E203 /* Products */,
			);
			sourceTree = "<group>";
		};
		BB4EA78B2C0149EB00A3E203 /* Products */ = {
			isa = PBXGroup;
			children = (
				BB4EA78A2C0149EB00A3E203 /* libToNonRetardStaticLibrary.a */,
				BB4EA7982C014D1700A3E203 /* ToNonRetardStaticLibraryTests.xctest */,
			);
			name = Products;
			sourceTree = "<group>";
		};
		BB4EA78C2C0149EB00A3E203 /* ToNonRetardStaticLibrary */ = {
			isa = PBXGroup;
			children = (
				BB4EA78D2C0149EB00A3E203 /* ToNonRetardStaticLibrary.swift */,
				BB4EA7A22C01546A00A3E203 /* Length.swift */,
				BB4EA7A82C01609B00A3E203 /* Mass.swift */,
			);
			path = ToNonRetardStaticLibrary;
			sourceTree = "<group>";
		};
		BB4EA7992C014D1700A3E203 /* ToNonRetardStaticLibraryTests */ = {
			isa = PBXGroup;
			children = (
				BB4EA79A2C014D1700A3E203 /* ToNotRetardStaticLibraryTests.swift */,
				BB4EA7A42C0154AE00A3E203 /* LengthTests.swift */,
				BB4EA7A62C015C2700A3E203 /* MassTests.swift */,
			);
			path = ToNonRetardStaticLibraryTests;
			sourceTree = "<group>";
		};
/* End PBXGroup section */

/* Begin PBXNativeTarget section */
		BB4EA7892C0149EB00A3E203 /* ToNonRetardStaticLibrary */ = {
			isa = PBXNativeTarget;
			buildConfigurationList = BB4EA7912C0149EB00A3E203 /* Build configuration list for PBXNativeTarget "ToNonRetardStaticLibrary" */;
			buildPhases = (
				BB4EA7862C0149EB00A3E203 /* Sources */,
				BB4EA7872C0149EB00A3E203 /* Frameworks */,
				BB4EA7882C0149EB00A3E203 /* CopyFiles */,
			);
			buildRules = (
			);
			dependencies = (
			);
			name = ToNonRetardStaticLibrary;
			productName = ToNotRetardStaticLibrary;
			productReference = BB4EA78A2C0149EB00A3E203 /* libToNonRetardStaticLibrary.a */;
			productType = "com.apple.product-type.library.static";
		};
		BB4EA7972C014D1700A3E203 /* ToNonRetardStaticLibraryTests */ = {
			isa = PBXNativeTarget;
			buildConfigurationList = BB4EA79F2C014D1700A3E203 /* Build configuration list for PBXNativeTarget "ToNonRetardStaticLibraryTests" */;
			buildPhases = (
				BB4EA7942C014D1700A3E203 /* Sources */,
				BB4EA7952C014D1700A3E203 /* Frameworks */,
				BB4EA7962C014D1700A3E203 /* Resources */,
			);
			buildRules = (
			);
			dependencies = (
				BB4EA79E2C014D1700A3E203 /* PBXTargetDependency */,
			);
			name = ToNonRetardStaticLibraryTests;
			productName = ToNotRetardStaticLibraryTests;
			productReference = BB4EA7982C014D1700A3E203 /* ToNonRetardStaticLibraryTests.xctest */;
			productType = "com.apple.product-type.bundle.unit-test";
		};
/* End PBXNativeTarget section */

/* Begin PBXProject section */
		BB4EA7822C0149EB00A3E203 /* Project object */ = {
			isa = PBXProject;
			attributes = {
				BuildIndependentTargetsInParallel = 1;
				LastSwiftUpdateCheck = 1540;
				LastUpgradeCheck = 1540;
				TargetAttributes = {
					BB4EA7892C0149EB00A3E203 = {
						CreatedOnToolsVersion = 15.4;
					};
					BB4EA7972C014D1700A3E203 = {
						CreatedOnToolsVersion = 15.4;
					};
				};
			};
			buildConfigurationList = BB4EA7852C0149EB00A3E203 /* Build configuration list for PBXProject "ToNonRetardStaticLibrary" */;
			compatibilityVersion = "Xcode 14.0";
			developmentRegion = en;
			hasScannedForEncodings = 0;
			knownRegions = (
				en,
				Base,
			);
			mainGroup = BB4EA7812C0149EB00A3E203;
			productRefGroup = BB4EA78B2C0149EB00A3E203 /* Products */;
			projectDirPath = "";
			projectRoot = "";
			targets = (
				BB4EA7892C0149EB00A3E203 /* ToNonRetardStaticLibrary */,
				BB4EA7972C014D1700A3E203 /* ToNonRetardStaticLibraryTests */,
			);
		};
/* End PBXProject section */

/* Begin PBXResourcesBuildPhase section */
		BB4EA7962C014D1700A3E203 /* Resources */ = {
			isa = PBXResourcesBuildPhase;
			buildActionMask = 2147483647;
			files = (
			);
			runOnlyForDeploymentPostprocessing = 0;
		};
/* End PBXResourcesBuildPhase section */

/* Begin PBXSourcesBuildPhase section */
		BB4EA7862C0149EB00A3E203 /* Sources */ = {
			isa = PBXSourcesBuildPhase;
			buildActionMask = 2147483647;
			files = (
				BB4EA78E2C0149EB00A3E203 /* ToNonRetardStaticLibrary.swift in Sources */,
				BB4EA7A32C01546A00A3E203 /* Length.swift in Sources */,
				BB4EA7A92C01609B00A3E203 /* Mass.swift in Sources */,
			);
			runOnlyForDeploymentPostprocessing = 0;
		};
		BB4EA7942C014D1700A3E203 /* Sources */ = {
			isa = PBXSourcesBuildPhase;
			buildActionMask = 2147483647;
			files = (
				BB4EA79B2C014D1700A3E203 /* ToNotRetardStaticLibraryTests.swift in Sources */,
				BB4EA7A52C0154AE00A3E203 /* LengthTests.swift in Sources */,
				BB4EA7A72C015C2700A3E203 /* MassTests.swift in Sources */,
			);
			runOnlyForDeploymentPostprocessing = 0;
		};
/* End PBXSourcesBuildPhase section */

/* Begin PBXTargetDependency section */
		BB4EA79E2C014D1700A3E203 /* PBXTargetDependency */ = {
			isa = PBXTargetDependency;
			target = BB4EA7892C0149EB00A3E203 /* ToNonRetardStaticLibrary */;
			targetProxy = BB4EA79D2C014D1700A3E203 /* PBXContainerItemProxy */;
		};
/* End PBXTargetDependency section */

/* Begin XCBuildConfiguration section */
		BB4EA78F2C0149EB00A3E203 /* Debug */ = {
			isa = XCBuildConfiguration;
			buildSettings = {
				ALWAYS_SEARCH_USER_PATHS = NO;
				ASSETCATALOG_COMPILER_GENERATE_SWIFT_ASSET_SYMBOL_EXTENSIONS = YES;
				CLANG_ANALYZER_NONNULL = YES;
				CLANG_ANALYZER_NUMBER_OBJECT_CONVERSION = YES_AGGRESSIVE;
				CLANG_CXX_LANGUAGE_STANDARD = "gnu++20";
				CLANG_ENABLE_MODULES = YES;
				CLANG_ENABLE_OBJC_ARC = YES;
				CLANG_ENABLE_OBJC_WEAK = YES;
				CLANG_WARN_BLOCK_CAPTURE_AUTORELEASING = YES;
				CLANG_WARN_BOOL_CONVERSION = YES;
				CLANG_WARN_COMMA = YES;
				CLANG_WARN_CONSTANT_CONVERSION = YES;
				CLANG_WARN_DEPRECATED_OBJC_IMPLEMENTATIONS = YES;
				CLANG_WARN_DIRECT_OBJC_ISA_USAGE = YES_ERROR;
				CLANG_WARN_DOCUMENTATION_COMMENTS = YES;
				CLANG_WARN_EMPTY_BODY = YES;
				CLANG_WARN_ENUM_CONVERSION = YES;
				CLANG_WARN_INFINITE_RECURSION = YES;
				CLANG_WARN_INT_CONVERSION = YES;
				CLANG_WARN_NON_LITERAL_NULL_CONVERSION = YES;
				CLANG_WARN_OBJC_IMPLICIT_RETAIN_SELF = YES;
				CLANG_WARN_OBJC_LITERAL_CONVERSION = YES;
				CLANG_WARN_OBJC_ROOT_CLASS = YES_ERROR;
				CLANG_WARN_QUOTED_INCLUDE_IN_FRAMEWORK_HEADER = YES;
				CLANG_WARN_RANGE_LOOP_ANALYSIS = YES;
				CLANG_WARN_STRICT_PROTOTYPES = YES;
				CLANG_WARN_SUSPICIOUS_MOVE = YES;
				CLANG_WARN_UNGUARDED_AVAILABILITY = YES_AGGRESSIVE;
				CLANG_WARN_UNREACHABLE_CODE = YES;
				CLANG_WARN__DUPLICATE_METHOD_MATCH = YES;
				COPY_PHASE_STRIP = NO;
				DEBUG_INFORMATION_FORMAT = dwarf;
				ENABLE_STRICT_OBJC_MSGSEND = YES;
				ENABLE_TESTABILITY = YES;
				ENABLE_USER_SCRIPT_SANDBOXING = YES;
				GCC_C_LANGUAGE_STANDARD = gnu17;
				GCC_DYNAMIC_NO_PIC = NO;
				GCC_NO_COMMON_BLOCKS = YES;
				GCC_OPTIMIZATION_LEVEL = 0;
				GCC_PREPROCESSOR_DEFINITIONS = (
					"DEBUG=1",
					"$(inherited)",
				);
				GCC_WARN_64_TO_32_BIT_CONVERSION = YES;
				GCC_WARN_ABOUT_RETURN_TYPE = YES_ERROR;
				GCC_WARN_UNDECLARED_SELECTOR = YES;
				GCC_WARN_UNINITIALIZED_AUTOS = YES_AGGRESSIVE;
				GCC_WARN_UNUSED_FUNCTION = YES;
				GCC_WARN_UNUSED_VARIABLE = YES;
				IPHONEOS_DEPLOYMENT_TARGET = 12.0;
				LOCALIZATION_PREFERS_STRING_CATALOGS = YES;
				MTL_ENABLE_DEBUG_INFO = INCLUDE_SOURCE;
				MTL_FAST_MATH = YES;
				ONLY_ACTIVE_ARCH = YES;
				SDKROOT = iphoneos;
				SWIFT_ACTIVE_COMPILATION_CONDITIONS = "DEBUG $(inherited)";
				SWIFT_OPTIMIZATION_LEVEL = "-Onone";
			};
			name = Debug;
		};
		BB4EA7902C0149EB00A3E203 /* Release */ = {
			isa = XCBuildConfiguration;
			buildSettings = {
				ALWAYS_SEARCH_USER_PATHS = NO;
				ASSETCATALOG_COMPILER_GENERATE_SWIFT_ASSET_SYMBOL_EXTENSIONS = YES;
				CLANG_ANALYZER_NONNULL = YES;
				CLANG_ANALYZER_NUMBER_OBJECT_CONVERSION = YES_AGGRESSIVE;
				CLANG_CXX_LANGUAGE_STANDARD = "gnu++20";
				CLANG_ENABLE_MODULES = YES;
				CLANG_ENABLE_OBJC_ARC = YES;
				CLANG_ENABLE_OBJC_WEAK = YES;
				CLANG_WARN_BLOCK_CAPTURE_AUTORELEASING = YES;
				CLANG_WARN_BOOL_CONVERSION = YES;
				CLANG_WARN_COMMA = YES;
				CLANG_WARN_CONSTANT_CONVERSION = YES;
				CLANG_WARN_DEPRECATED_OBJC_IMPLEMENTATIONS = YES;
				CLANG_WARN_DIRECT_OBJC_ISA_USAGE = YES_ERROR;
				CLANG_WARN_DOCUMENTATION_COMMENTS = YES;
				CLANG_WARN_EMPTY_BODY = YES;
				CLANG_WARN_ENUM_CONVERSION = YES;
				CLANG_WARN_INFINITE_RECURSION = YES;
				CLANG_WARN_INT_CONVERSION = YES;
				CLANG_WARN_NON_LITERAL_NULL_CONVERSION = YES;
				CLANG_WARN_OBJC_IMPLICIT_RETAIN_SELF = YES;
				CLANG_WARN_OBJC_LITERAL_CONVERSION = YES;
				CLANG_WARN_OBJC_ROOT_CLASS = YES_ERROR;
				CLANG_WARN_QUOTED_INCLUDE_IN_FRAMEWORK_HEADER = YES;
				CLANG_WARN_RANGE_LOOP_ANALYSIS = YES;
				CLANG_WARN_STRICT_PROTOTYPES = YES;
				CLANG_WARN_SUSPICIOUS_MOVE = YES;
				CLANG_WARN_UNGUARDED_AVAILABILITY = YES_AGGRESSIVE;
				CLANG_WARN_UNREACHABLE_CODE = YES;
				CLANG_WARN__DUPLICATE_METHOD_MATCH = YES;
				COPY_PHASE_STRIP = NO;
				DEBUG_INFORMATION_FORMAT = "dwarf-with-dsym";
				ENABLE_NS_ASSERTIONS = NO;
				ENABLE_STRICT_OBJC_MSGSEND = YES;
				ENABLE_USER_SCRIPT_SANDBOXING = YES;
				GCC_C_LANGUAGE_STANDARD = gnu17;
				GCC_NO_COMMON_BLOCKS = YES;
				GCC_WARN_64_TO_32_BIT_CONVERSION = YES;
				GCC_WARN_ABOUT_RETURN_TYPE = YES_ERROR;
				GCC_WARN_UNDECLARED_SELECTOR = YES;
				GCC_WARN_UNINITIALIZED_AUTOS = YES_AGGRESSIVE;
				GCC_WARN_UNUSED_FUNCTION = YES;
				GCC_WARN_UNUSED_VARIABLE = YES;
				IPHONEOS_DEPLOYMENT_TARGET = 12.0;
				LOCALIZATION_PREFERS_STRING_CATALOGS = YES;
				MTL_ENABLE_DEBUG_INFO = NO;
				MTL_FAST_MATH = YES;
				SDKROOT = iphoneos;
				SWIFT_COMPILATION_MODE = wholemodule;
				VALIDATE_PRODUCT = YES;
			};
			name = Release;
		};
		BB4EA7922C0149EB00A3E203 /* Debug */ = {
			isa = XCBuildConfiguration;
			buildSettings = {
				CODE_SIGN_STYLE = Automatic;
				DEVELOPMENT_TEAM = SF69972TN6;
				OTHER_LDFLAGS = "-ObjC";
				PRODUCT_NAME = "$(TARGET_NAME)";
				SKIP_INSTALL = YES;
				SWIFT_VERSION = 5.0;
				TARGETED_DEVICE_FAMILY = "1,2";
			};
			name = Debug;
		};
		BB4EA7932C0149EB00A3E203 /* Release */ = {
			isa = XCBuildConfiguration;
			buildSettings = {
				CODE_SIGN_STYLE = Automatic;
				DEVELOPMENT_TEAM = SF69972TN6;
				OTHER_LDFLAGS = "-ObjC";
				PRODUCT_NAME = "$(TARGET_NAME)";
				SKIP_INSTALL = YES;
				SWIFT_VERSION = 5.0;
				TARGETED_DEVICE_FAMILY = "1,2";
			};
			name = Release;
		};
		BB4EA7A02C014D1700A3E203 /* Debug */ = {
			isa = XCBuildConfiguration;
			buildSettings = {
				CODE_SIGN_STYLE = Automatic;
				CURRENT_PROJECT_VERSION = 1;
				DEVELOPMENT_TEAM = SF69972TN6;
				GENERATE_INFOPLIST_FILE = YES;
				IPHONEOS_DEPLOYMENT_TARGET = 17.5;
				MARKETING_VERSION = 1.0;
				PRODUCT_BUNDLE_IDENTIFIER = com.smk.ToNotRetardStaticLibraryTests;
				PRODUCT_NAME = "$(TARGET_NAME)";
				SWIFT_EMIT_LOC_STRINGS = NO;
				SWIFT_VERSION = 5.0;
				TARGETED_DEVICE_FAMILY = "1,2";
			};
			name = Debug;
		};
		BB4EA7A12C014D1700A3E203 /* Release */ = {
			isa = XCBuildConfiguration;
			buildSettings = {
				CODE_SIGN_STYLE = Automatic;
				CURRENT_PROJECT_VERSION = 1;
				DEVELOPMENT_TEAM = SF69972TN6;
				GENERATE_INFOPLIST_FILE = YES;
				IPHONEOS_DEPLOYMENT_TARGET = 17.5;
				MARKETING_VERSION = 1.0;
				PRODUCT_BUNDLE_IDENTIFIER = com.smk.ToNotRetardStaticLibraryTests;
				PRODUCT_NAME = "$(TARGET_NAME)";
				SWIFT_EMIT_LOC_STRINGS = NO;
				SWIFT_VERSION = 5.0;
				TARGETED_DEVICE_FAMILY = "1,2";
			};
			name = Release;
		};
/* End XCBuildConfiguration section */

/* Begin XCConfigurationList section */
		BB4EA7852C0149EB00A3E203 /* Build configuration list for PBXProject "ToNonRetardStaticLibrary" */ = {
			isa = XCConfigurationList;
			buildConfigurations = (
				BB4EA78F2C0149EB00A3E203 /* Debug */,
				BB4EA7902C0149EB00A3E203 /* Release */,
			);
			defaultConfigurationIsVisible = 0;
			defaultConfigurationName = Release;
		};
		BB4EA7912C0149EB00A3E203 /* Build configuration list for PBXNativeTarget "ToNonRetardStaticLibrary" */ = {
			isa = XCConfigurationList;
			buildConfigurations = (
				BB4EA7922C0149EB00A3E203 /* Debug */,
				BB4EA7932C0149EB00A3E203 /* Release */,
			);
			defaultConfigurationIsVisible = 0;
			defaultConfigurationName = Release;
		};
		BB4EA79F2C014D1700A3E203 /* Build configuration list for PBXNativeTarget "ToNonRetardStaticLibraryTests" */ = {
			isa = XCConfigurationList;
			buildConfigurations = (
				BB4EA7A02C014D1700A3E203 /* Debug */,
				BB4EA7A12C014D1700A3E203 /* Release */,
			);
			defaultConfigurationIsVisible = 0;
			defaultConfigurationName = Release;
		};
/* End XCConfigurationList section */
	};
	rootObject = BB4EA7822C0149EB00A3E203 /* Project object */;
}
